
Microsoft Visual Studio Solution File, Format Version 12.00
# Visual Studio Version 17
VisualStudioVersion = 17.8.34511.84
MinimumVisualStudioVersion = 10.0.40219.1
Project("{FAE04EC0-301F-11D3-BF4B-00C04F79EFBC}") = "LAB3 part2", "LAB3 part2.csproj", "{C8A0F041-A360-4ED3-A675-5BE00EA72E6F}"
EndProject
Global
	GlobalSection(SolutionConfigurationPlatforms) = preSolution
		Debug|Any CPU = Debug|Any CPU
		Release|Any CPU = Release|Any CPU
	EndGlobalSection
	GlobalSection(ProjectConfigurationPlatforms) = postSolution
		{C8A0F041-A360-4ED3-A675-5BE00EA72E6F}.Debug|Any CPU.ActiveCfg = Debug|Any CPU
		{C8A0F041-A360-4ED3-A675-5BE00EA72E6F}.Debug|Any CPU.Build.0 = Debug|Any CPU
		{C8A0F041-A360-4ED3-A675-5BE00EA72E6F}.Release|Any CPU.ActiveCfg = Release|Any CPU
		{C8A0F041-A360-4ED3-A675-5BE00EA72E6F}.Release|Any CPU.Build.0 = Release|Any CPU
	EndGlobalSection
	GlobalSection(SolutionProperties) = preSolution
		HideSolutionNode = FALSE
	EndGlobalSection
	GlobalSection(ExtensibilityGlobals) = postSolution
		SolutionGuid = {A93FA0E8-04F9-4CED-8D03-5B1D1B8AEE27}
	EndGlobalSection
EndGlobal
